
Microsoft Visual Studio Solution File, Format Version 12.00
# Visual Studio 15
VisualStudioVersion = 15.0.27004.2010
MinimumVisualStudioVersion = 10.0.40219.1
Project("{FAE04EC0-301F-11D3-BF4B-00C04F79EFBC}") = "TechChefs", "TechChefs\TechChefs.csproj", "{2B128EE3-52B0-4199-8DCE-36B4F9CBF395}"
EndProject
Global
	GlobalSection(SolutionConfigurationPlatforms) = preSolution
		Debug|Any CPU = Debug|Any CPU
		Release|Any CPU = Release|Any CPU
	EndGlobalSection
	GlobalSection(ProjectConfigurationPlatforms) = postSolution
		{2B128EE3-52B0-4199-8DCE-36B4F9CBF395}.Debug|Any CPU.ActiveCfg = Debug|Any CPU
		{2B128EE3-52B0-4199-8DCE-36B4F9CBF395}.Debug|Any CPU.Build.0 = Debug|Any CPU
		{2B128EE3-52B0-4199-8DCE-36B4F9CBF395}.Release|Any CPU.ActiveCfg = Release|Any CPU
		{2B128EE3-52B0-4199-8DCE-36B4F9CBF395}.Release|Any CPU.Build.0 = Release|Any CPU
	EndGlobalSection
	GlobalSection(SolutionProperties) = preSolution
		HideSolutionNode = FALSE
	EndGlobalSection
	GlobalSection(ExtensibilityGlobals) = postSolution
		SolutionGuid = {5DC06FEE-038D-468C-98A4-933964ADD35F}
	EndGlobalSection
EndGlobal
